// !$*UTF8*$!
{
	archiveVersion = 1;
	classes = {
	};
	objectVersion = 56;
	objects = {

/* Begin PBXBuildFile section */
		0A3953E82D8B3BDE007B116A /* FirebaseFirestore in Frameworks */ = {isa = PBXBuildFile; productRef = 0A3953E72D8B3BDE007B116A /* FirebaseFirestore */; };
		0A3953EA2D8B3BDE007B116A /* FirebaseFirestoreCombine-Community in Frameworks */ = {isa = PBXBuildFile; productRef = 0A3953E92D8B3BDE007B116A /* FirebaseFirestoreCombine-Community */; };
		63D080842D778ABF00625FE7 /* NewSenseiApp.swift in Sources */ = {isa = PBXBuildFile; fileRef = 63D080832D778ABF00625FE7 /* NewSenseiApp.swift */; };
		63D080862D778ABF00625FE7 /* ContentView.swift in Sources */ = {isa = PBXBuildFile; fileRef = 63D080852D778ABF00625FE7 /* ContentView.swift */; };
		63D080882D778AC000625FE7 /* Assets.xcassets in Resources */ = {isa = PBXBuildFile; fileRef = 63D080872D778AC000625FE7 /* Assets.xcassets */; };
		63D0808B2D778AC000625FE7 /* Preview Assets.xcassets in Resources */ = {isa = PBXBuildFile; fileRef = 63D0808A2D778AC000625FE7 /* Preview Assets.xcassets */; };
		63D080922D778AEC00625FE7 /* Home Screen.swift in Sources */ = {isa = PBXBuildFile; fileRef = 63D080912D778AEC00625FE7 /* Home Screen.swift */; };
		63D080942D778B1A00625FE7 /* skillinfo.swift in Sources */ = {isa = PBXBuildFile; fileRef = 63D080932D778B1A00625FE7 /* skillinfo.swift */; };
		63D080962D778B2700625FE7 /* skillinfoview.swift in Sources */ = {isa = PBXBuildFile; fileRef = 63D080952D778B2700625FE7 /* skillinfoview.swift */; };
		63D080982D778B2E00625FE7 /* SkillCreation.swift in Sources */ = {isa = PBXBuildFile; fileRef = 63D080972D778B2E00625FE7 /* SkillCreation.swift */; };
		63D0809A2D778B3700625FE7 /* SkillDetailView.swift in Sources */ = {isa = PBXBuildFile; fileRef = 63D080992D778B3700625FE7 /* SkillDetailView.swift */; };
		63D0809C2D778B3B00625FE7 /* Navigation.swift in Sources */ = {isa = PBXBuildFile; fileRef = 63D0809B2D778B3B00625FE7 /* Navigation.swift */; };
		63D080C22D7A18B900625FE7 /* GoogleService-Info.plist in Resources */ = {isa = PBXBuildFile; fileRef = 63D080C12D7A18B900625FE7 /* GoogleService-Info.plist */; };
		63D080C52D7A1A3C00625FE7 /* FirebaseAnalytics in Frameworks */ = {isa = PBXBuildFile; productRef = 63D080C42D7A1A3C00625FE7 /* FirebaseAnalytics */; };
		63D080C72D7A1A3C00625FE7 /* FirebaseAuth in Frameworks */ = {isa = PBXBuildFile; productRef = 63D080C62D7A1A3C00625FE7 /* FirebaseAuth */; };
		63D080C92D7A1A3C00625FE7 /* FirebaseCore in Frameworks */ = {isa = PBXBuildFile; productRef = 63D080C82D7A1A3C00625FE7 /* FirebaseCore */; };
		63D080CB2D7A1A3C00625FE7 /* FirebaseDatabase in Frameworks */ = {isa = PBXBuildFile; productRef = 63D080CA2D7A1A3C00625FE7 /* FirebaseDatabase */; };
		63D080CD2D7A1A3C00625FE7 /* FirebaseMessaging in Frameworks */ = {isa = PBXBuildFile; productRef = 63D080CC2D7A1A3C00625FE7 /* FirebaseMessaging */; };
		63D080CF2D7A1A3C00625FE7 /* FirebaseStorage in Frameworks */ = {isa = PBXBuildFile; productRef = 63D080CE2D7A1A3C00625FE7 /* FirebaseStorage */; };
		63D080D12D7A1B7700625FE7 /* SignUpView.swift in Sources */ = {isa = PBXBuildFile; fileRef = 63D080D02D7A1B7700625FE7 /* SignUpView.swift */; };
		63D080D32D7A1B8000625FE7 /* User.swift in Sources */ = {isa = PBXBuildFile; fileRef = 63D080D22D7A1B8000625FE7 /* User.swift */; };
		63D080D62D7F685F00625FE7 /* CardView.swift in Sources */ = {isa = PBXBuildFile; fileRef = 63D080D52D7F685F00625FE7 /* CardView.swift */; };
		63D080DA2D7F68A900625FE7 /* Colors.swift in Sources */ = {isa = PBXBuildFile; fileRef = 63D080D92D7F68A900625FE7 /* Colors.swift */; };
		63D080DC2D7F68AE00625FE7 /* Extentions.swift in Sources */ = {isa = PBXBuildFile; fileRef = 63D080DB2D7F68AE00625FE7 /* Extentions.swift */; };
		63D0810C2D8353BC00625FE7 /* Cardinfo.swift in Sources */ = {isa = PBXBuildFile; fileRef = 63D0810B2D8353BC00625FE7 /* Cardinfo.swift */; };
		63D0810E2D8B750C00625FE7 /* DataManager.swift in Sources */ = {isa = PBXBuildFile; fileRef = 63D0810D2D8B750C00625FE7 /* DataManager.swift */; };
		7D5FBF112D77908D00469328 /* ProgressView.swift in Sources */ = {isa = PBXBuildFile; fileRef = 7D5FBF102D77908D00469328 /* ProgressView.swift */; };
		7D5FBF132D77909D00469328 /* ProgressBar.swift in Sources */ = {isa = PBXBuildFile; fileRef = 7D5FBF122D77909D00469328 /* ProgressBar.swift */; };
		7D7830DE2D9C6020009F6191 /* StoreView.swift in Sources */ = {isa = PBXBuildFile; fileRef = 7D7830DD2D9C6020009F6191 /* StoreView.swift */; };
/* End PBXBuildFile section */

/* Begin PBXFileReference section */
		632131A42DA5AB4D006A83FC /* correct.mp3 */ = {isa = PBXFileReference; lastKnownFileType = audio.mp3; name = correct.mp3; path = "../../assests for sensei/Sounds/correct.mp3"; sourceTree = "<group>"; };
		63D080802D778ABF00625FE7 /* NewSensei.app */ = {isa = PBXFileReference; explicitFileType = wrapper.application; includeInIndex = 0; path = NewSensei.app; sourceTree = BUILT_PRODUCTS_DIR; };
		63D080832D778ABF00625FE7 /* NewSenseiApp.swift */ = {isa = PBXFileReference; lastKnownFileType = sourcecode.swift; path = NewSenseiApp.swift; sourceTree = "<group>"; };
		63D080852D778ABF00625FE7 /* ContentView.swift */ = {isa = PBXFileReference; lastKnownFileType = sourcecode.swift; path = ContentView.swift; sourceTree = "<group>"; };
		63D080872D778AC000625FE7 /* Assets.xcassets */ = {isa = PBXFileReference; lastKnownFileType = folder.assetcatalog; path = Assets.xcassets; sourceTree = "<group>"; };
		63D0808A2D778AC000625FE7 /* Preview Assets.xcassets */ = {isa = PBXFileReference; lastKnownFileType = folder.assetcatalog; path = "Preview Assets.xcassets"; sourceTree = "<group>"; };
		63D080912D778AEC00625FE7 /* Home Screen.swift */ = {isa = PBXFileReference; fileEncoding = 4; lastKnownFileType = sourcecode.swift; path = "Home Screen.swift"; sourceTree = "<group>"; };
		63D080932D778B1A00625FE7 /* skillinfo.swift */ = {isa = PBXFileReference; fileEncoding = 4; lastKnownFileType = sourcecode.swift; path = skillinfo.swift; sourceTree = "<group>"; };
		63D080952D778B2700625FE7 /* skillinfoview.swift */ = {isa = PBXFileReference; fileEncoding = 4; lastKnownFileType = sourcecode.swift; path = skillinfoview.swift; sourceTree = "<group>"; };
		63D080972D778B2E00625FE7 /* SkillCreation.swift */ = {isa = PBXFileReference; fileEncoding = 4; lastKnownFileType = sourcecode.swift; path = SkillCreation.swift; sourceTree = "<group>"; };
		63D080992D778B3700625FE7 /* SkillDetailView.swift */ = {isa = PBXFileReference; fileEncoding = 4; lastKnownFileType = sourcecode.swift; path = SkillDetailView.swift; sourceTree = "<group>"; };
		63D0809B2D778B3B00625FE7 /* Navigation.swift */ = {isa = PBXFileReference; fileEncoding = 4; lastKnownFileType = sourcecode.swift; path = Navigation.swift; sourceTree = "<group>"; };
		63D080C12D7A18B900625FE7 /* GoogleService-Info.plist */ = {isa = PBXFileReference; fileEncoding = 4; lastKnownFileType = text.plist.xml; path = "GoogleService-Info.plist"; sourceTree = "<group>"; };
		63D080D02D7A1B7700625FE7 /* SignUpView.swift */ = {isa = PBXFileReference; fileEncoding = 4; lastKnownFileType = sourcecode.swift; path = SignUpView.swift; sourceTree = "<group>"; };
		63D080D22D7A1B8000625FE7 /* User.swift */ = {isa = PBXFileReference; fileEncoding = 4; lastKnownFileType = sourcecode.swift; path = User.swift; sourceTree = "<group>"; };
		63D080D52D7F685F00625FE7 /* CardView.swift */ = {isa = PBXFileReference; fileEncoding = 4; lastKnownFileType = sourcecode.swift; path = CardView.swift; sourceTree = "<group>"; };
		63D080D92D7F68A900625FE7 /* Colors.swift */ = {isa = PBXFileReference; fileEncoding = 4; lastKnownFileType = sourcecode.swift; path = Colors.swift; sourceTree = "<group>"; };
		63D080DB2D7F68AE00625FE7 /* Extentions.swift */ = {isa = PBXFileReference; fileEncoding = 4; lastKnownFileType = sourcecode.swift; path = Extentions.swift; sourceTree = "<group>"; };
		63D0810B2D8353BC00625FE7 /* Cardinfo.swift */ = {isa = PBXFileReference; lastKnownFileType = sourcecode.swift; path = Cardinfo.swift; sourceTree = "<group>"; };
		63D0810D2D8B750C00625FE7 /* DataManager.swift */ = {isa = PBXFileReference; lastKnownFileType = sourcecode.swift; path = DataManager.swift; sourceTree = "<group>"; };
		7D5FBF102D77908D00469328 /* ProgressView.swift */ = {isa = PBXFileReference; lastKnownFileType = sourcecode.swift; path = ProgressView.swift; sourceTree = "<group>"; };
		7D5FBF122D77909D00469328 /* ProgressBar.swift */ = {isa = PBXFileReference; lastKnownFileType = sourcecode.swift; path = ProgressBar.swift; sourceTree = "<group>"; };
		7D7830DD2D9C6020009F6191 /* StoreView.swift */ = {isa = PBXFileReference; lastKnownFileType = sourcecode.swift; path = StoreView.swift; sourceTree = "<group>"; };
/* End PBXFileReference section */

/* Begin PBXFrameworksBuildPhase section */
		63D0807D2D778ABF00625FE7 /* Frameworks */ = {
			isa = PBXFrameworksBuildPhase;
			buildActionMask = 2147483647;
			files = (
				63D080C52D7A1A3C00625FE7 /* FirebaseAnalytics in Frameworks */,
				0A3953EA2D8B3BDE007B116A /* FirebaseFirestoreCombine-Community in Frameworks */,
				63D080C92D7A1A3C00625FE7 /* FirebaseCore in Frameworks */,
				63D080CD2D7A1A3C00625FE7 /* FirebaseMessaging in Frameworks */,
				63D080CB2D7A1A3C00625FE7 /* FirebaseDatabase in Frameworks */,
				63D080C72D7A1A3C00625FE7 /* FirebaseAuth in Frameworks */,
				63D080CF2D7A1A3C00625FE7 /* FirebaseStorage in Frameworks */,
				0A3953E82D8B3BDE007B116A /* FirebaseFirestore in Frameworks */,
			);
			runOnlyForDeploymentPostprocessing = 0;
		};
/* End PBXFrameworksBuildPhase section */

/* Begin PBXGroup section */
		63A4565C2D94861D00D2F1DF /* Sounds */ = {
			isa = PBXGroup;
			children = (
				632131A42DA5AB4D006A83FC /* correct.mp3 */,
			);
			path = Sounds;
			sourceTree = "<group>";
		};
		63D080772D778ABF00625FE7 = {
			isa = PBXGroup;
			children = (
				63A4565C2D94861D00D2F1DF /* Sounds */,
				63D080822D778ABF00625FE7 /* NewSensei */,
				63D080812D778ABF00625FE7 /* Products */,
				63D080D42D7F66BA00625FE7 /* Frameworks */,
			);
			sourceTree = "<group>";
		};
		63D080812D778ABF00625FE7 /* Products */ = {
			isa = PBXGroup;
			children = (
				63D080802D778ABF00625FE7 /* NewSensei.app */,
			);
			name = Products;
			sourceTree = "<group>";
		};
		63D080822D778ABF00625FE7 /* NewSensei */ = {
			isa = PBXGroup;
			children = (
				63D080C12D7A18B900625FE7 /* GoogleService-Info.plist */,
				63D080832D778ABF00625FE7 /* NewSenseiApp.swift */,
				7D7830DD2D9C6020009F6191 /* StoreView.swift */,
				63D080D22D7A1B8000625FE7 /* User.swift */,
				63D080D02D7A1B7700625FE7 /* SignUpView.swift */,
				63D080912D778AEC00625FE7 /* Home Screen.swift */,
				63D080932D778B1A00625FE7 /* skillinfo.swift */,
				63D0810B2D8353BC00625FE7 /* Cardinfo.swift */,
				63D0810D2D8B750C00625FE7 /* DataManager.swift */,
				63D080952D778B2700625FE7 /* skillinfoview.swift */,
				63D080972D778B2E00625FE7 /* SkillCreation.swift */,
				63D080992D778B3700625FE7 /* SkillDetailView.swift */,
				7D5FBF102D77908D00469328 /* ProgressView.swift */,
				7D5FBF122D77909D00469328 /* ProgressBar.swift */,
				63D080852D778ABF00625FE7 /* ContentView.swift */,
				63D080D52D7F685F00625FE7 /* CardView.swift */,
				63D080D92D7F68A900625FE7 /* Colors.swift */,
				63D080DB2D7F68AE00625FE7 /* Extentions.swift */,
				63D0809B2D778B3B00625FE7 /* Navigation.swift */,
				63D080872D778AC000625FE7 /* Assets.xcassets */,
				63D080892D778AC000625FE7 /* Preview Content */,
			);
			path = NewSensei;
			sourceTree = "<group>";
		};
		63D080892D778AC000625FE7 /* Preview Content */ = {
			isa = PBXGroup;
			children = (
				63D0808A2D778AC000625FE7 /* Preview Assets.xcassets */,
			);
			path = "Preview Content";
			sourceTree = "<group>";
		};
		63D080D42D7F66BA00625FE7 /* Frameworks */ = {
			isa = PBXGroup;
			children = (
			);
			name = Frameworks;
			sourceTree = "<group>";
		};
/* End PBXGroup section */

/* Begin PBXNativeTarget section */
		63D0807F2D778ABF00625FE7 /* NewSensei */ = {
			isa = PBXNativeTarget;
			buildConfigurationList = 63D0808E2D778AC000625FE7 /* Build configuration list for PBXNativeTarget "NewSensei" */;
			buildPhases = (
				63D0807C2D778ABF00625FE7 /* Sources */,
				63D0807D2D778ABF00625FE7 /* Frameworks */,
				63D0807E2D778ABF00625FE7 /* Resources */,
			);
			buildRules = (
			);
			dependencies = (
			);
			name = NewSensei;
			packageProductDependencies = (
				63D080C42D7A1A3C00625FE7 /* FirebaseAnalytics */,
				63D080C62D7A1A3C00625FE7 /* FirebaseAuth */,
				63D080C82D7A1A3C00625FE7 /* FirebaseCore */,
				63D080CA2D7A1A3C00625FE7 /* FirebaseDatabase */,
				63D080CC2D7A1A3C00625FE7 /* FirebaseMessaging */,
				63D080CE2D7A1A3C00625FE7 /* FirebaseStorage */,
				0A3953E72D8B3BDE007B116A /* FirebaseFirestore */,
				0A3953E92D8B3BDE007B116A /* FirebaseFirestoreCombine-Community */,
			);
			productName = NewSensei;
			productReference = 63D080802D778ABF00625FE7 /* NewSensei.app */;
			productType = "com.apple.product-type.application";
		};
/* End PBXNativeTarget section */

/* Begin PBXProject section */
		63D080782D778ABF00625FE7 /* Project object */ = {
			isa = PBXProject;
			attributes = {
				BuildIndependentTargetsInParallel = 1;
				LastSwiftUpdateCheck = 1540;
				LastUpgradeCheck = 1540;
				TargetAttributes = {
					63D0807F2D778ABF00625FE7 = {
						CreatedOnToolsVersion = 15.4;
					};
				};
			};
			buildConfigurationList = 63D0807B2D778ABF00625FE7 /* Build configuration list for PBXProject "NewSensei" */;
			compatibilityVersion = "Xcode 14.0";
			developmentRegion = en;
			hasScannedForEncodings = 0;
			knownRegions = (
				en,
				Base,
			);
			mainGroup = 63D080772D778ABF00625FE7;
			packageReferences = (
				63D080C32D7A1A3C00625FE7 /* XCRemoteSwiftPackageReference "firebase-ios-sdk" */,
			);
			productRefGroup = 63D080812D778ABF00625FE7 /* Products */;
			projectDirPath = "";
			projectRoot = "";
			targets = (
				63D0807F2D778ABF00625FE7 /* NewSensei */,
			);
		};
/* End PBXProject section */

/* Begin PBXResourcesBuildPhase section */
		63D0807E2D778ABF00625FE7 /* Resources */ = {
			isa = PBXResourcesBuildPhase;
			buildActionMask = 2147483647;
			files = (
				63D0808B2D778AC000625FE7 /* Preview Assets.xcassets in Resources */,
				63D080882D778AC000625FE7 /* Assets.xcassets in Resources */,
				63D080C22D7A18B900625FE7 /* GoogleService-Info.plist in Resources */,
			);
			runOnlyForDeploymentPostprocessing = 0;
		};
/* End PBXResourcesBuildPhase section */

/* Begin PBXSourcesBuildPhase section */
		63D0807C2D778ABF00625FE7 /* Sources */ = {
			isa = PBXSourcesBuildPhase;
			buildActionMask = 2147483647;
			files = (
				63D0809A2D778B3700625FE7 /* SkillDetailView.swift in Sources */,
				63D080DA2D7F68A900625FE7 /* Colors.swift in Sources */,
				63D080862D778ABF00625FE7 /* ContentView.swift in Sources */,
				63D080962D778B2700625FE7 /* skillinfoview.swift in Sources */,
				63D0809C2D778B3B00625FE7 /* Navigation.swift in Sources */,
				63D080942D778B1A00625FE7 /* skillinfo.swift in Sources */,
				63D080D12D7A1B7700625FE7 /* SignUpView.swift in Sources */,
				63D080842D778ABF00625FE7 /* NewSenseiApp.swift in Sources */,
				63D080D62D7F685F00625FE7 /* CardView.swift in Sources */,
				63D0810E2D8B750C00625FE7 /* DataManager.swift in Sources */,
				63D080982D778B2E00625FE7 /* SkillCreation.swift in Sources */,
				63D080D32D7A1B8000625FE7 /* User.swift in Sources */,
				63D080DC2D7F68AE00625FE7 /* Extentions.swift in Sources */,
				63D080922D778AEC00625FE7 /* Home Screen.swift in Sources */,
				7D5FBF132D77909D00469328 /* ProgressBar.swift in Sources */,
				7D5FBF112D77908D00469328 /* ProgressView.swift in Sources */,
				7D7830DE2D9C6020009F6191 /* StoreView.swift in Sources */,
				63D0810C2D8353BC00625FE7 /* Cardinfo.swift in Sources */,
			);
			runOnlyForDeploymentPostprocessing = 0;
		};
/* End PBXSourcesBuildPhase section */

/* Begin XCBuildConfiguration section */
		63D0808C2D778AC000625FE7 /* Debug */ = {
			isa = XCBuildConfiguration;
			buildSettings = {
				ALWAYS_SEARCH_USER_PATHS = NO;
				ASSETCATALOG_COMPILER_GENERATE_SWIFT_ASSET_SYMBOL_EXTENSIONS = YES;
				CLANG_ANALYZER_NONNULL = YES;
				CLANG_ANALYZER_NUMBER_OBJECT_CONVERSION = YES_AGGRESSIVE;
				CLANG_CXX_LANGUAGE_STANDARD = "gnu++20";
				CLANG_ENABLE_MODULES = YES;
				CLANG_ENABLE_OBJC_ARC = YES;
				CLANG_ENABLE_OBJC_WEAK = YES;
				CLANG_WARN_BLOCK_CAPTURE_AUTORELEASING = YES;
				CLANG_WARN_BOOL_CONVERSION = YES;
				CLANG_WARN_COMMA = YES;
				CLANG_WARN_CONSTANT_CONVERSION = YES;
				CLANG_WARN_DEPRECATED_OBJC_IMPLEMENTATIONS = YES;
				CLANG_WARN_DIRECT_OBJC_ISA_USAGE = YES_ERROR;
				CLANG_WARN_DOCUMENTATION_COMMENTS = YES;
				CLANG_WARN_EMPTY_BODY = YES;
				CLANG_WARN_ENUM_CONVERSION = YES;
				CLANG_WARN_INFINITE_RECURSION = YES;
				CLANG_WARN_INT_CONVERSION = YES;
				CLANG_WARN_NON_LITERAL_NULL_CONVERSION = YES;
				CLANG_WARN_OBJC_IMPLICIT_RETAIN_SELF = YES;
				CLANG_WARN_OBJC_LITERAL_CONVERSION = YES;
				CLANG_WARN_OBJC_ROOT_CLASS = YES_ERROR;
				CLANG_WARN_QUOTED_INCLUDE_IN_FRAMEWORK_HEADER = YES;
				CLANG_WARN_RANGE_LOOP_ANALYSIS = YES;
				CLANG_WARN_STRICT_PROTOTYPES = YES;
				CLANG_WARN_SUSPICIOUS_MOVE = YES;
				CLANG_WARN_UNGUARDED_AVAILABILITY = YES_AGGRESSIVE;
				CLANG_WARN_UNREACHABLE_CODE = YES;
				CLANG_WARN__DUPLICATE_METHOD_MATCH = YES;
				COPY_PHASE_STRIP = NO;
				DEBUG_INFORMATION_FORMAT = dwarf;
				ENABLE_STRICT_OBJC_MSGSEND = YES;
				ENABLE_TESTABILITY = YES;
				ENABLE_USER_SCRIPT_SANDBOXING = YES;
				GCC_C_LANGUAGE_STANDARD = gnu17;
				GCC_DYNAMIC_NO_PIC = NO;
				GCC_NO_COMMON_BLOCKS = YES;
				GCC_OPTIMIZATION_LEVEL = 0;
				GCC_PREPROCESSOR_DEFINITIONS = (
					"DEBUG=1",
					"$(inherited)",
				);
				GCC_WARN_64_TO_32_BIT_CONVERSION = YES;
				GCC_WARN_ABOUT_RETURN_TYPE = YES_ERROR;
				GCC_WARN_UNDECLARED_SELECTOR = YES;
				GCC_WARN_UNINITIALIZED_AUTOS = YES_AGGRESSIVE;
				GCC_WARN_UNUSED_FUNCTION = YES;
				GCC_WARN_UNUSED_VARIABLE = YES;
				IPHONEOS_DEPLOYMENT_TARGET = 17.5;
				LOCALIZATION_PREFERS_STRING_CATALOGS = YES;
				MTL_ENABLE_DEBUG_INFO = INCLUDE_SOURCE;
				MTL_FAST_MATH = YES;
				ONLY_ACTIVE_ARCH = YES;
				SDKROOT = iphoneos;
				SWIFT_ACTIVE_COMPILATION_CONDITIONS = "DEBUG $(inherited)";
				SWIFT_OPTIMIZATION_LEVEL = "-Onone";
			};
			name = Debug;
		};
		63D0808D2D778AC000625FE7 /* Release */ = {
			isa = XCBuildConfiguration;
			buildSettings = {
				ALWAYS_SEARCH_USER_PATHS = NO;
				ASSETCATALOG_COMPILER_GENERATE_SWIFT_ASSET_SYMBOL_EXTENSIONS = YES;
				CLANG_ANALYZER_NONNULL = YES;
				CLANG_ANALYZER_NUMBER_OBJECT_CONVERSION = YES_AGGRESSIVE;
				CLANG_CXX_LANGUAGE_STANDARD = "gnu++20";
				CLANG_ENABLE_MODULES = YES;
				CLANG_ENABLE_OBJC_ARC = YES;
				CLANG_ENABLE_OBJC_WEAK = YES;
				CLANG_WARN_BLOCK_CAPTURE_AUTORELEASING = YES;
				CLANG_WARN_BOOL_CONVERSION = YES;
				CLANG_WARN_COMMA = YES;
				CLANG_WARN_CONSTANT_CONVERSION = YES;
				CLANG_WARN_DEPRECATED_OBJC_IMPLEMENTATIONS = YES;
				CLANG_WARN_DIRECT_OBJC_ISA_USAGE = YES_ERROR;
				CLANG_WARN_DOCUMENTATION_COMMENTS = YES;
				CLANG_WARN_EMPTY_BODY = YES;
				CLANG_WARN_ENUM_CONVERSION = YES;
				CLANG_WARN_INFINITE_RECURSION = YES;
				CLANG_WARN_INT_CONVERSION = YES;
				CLANG_WARN_NON_LITERAL_NULL_CONVERSION = YES;
				CLANG_WARN_OBJC_IMPLICIT_RETAIN_SELF = YES;
				CLANG_WARN_OBJC_LITERAL_CONVERSION = YES;
				CLANG_WARN_OBJC_ROOT_CLASS = YES_ERROR;
				CLANG_WARN_QUOTED_INCLUDE_IN_FRAMEWORK_HEADER = YES;
				CLANG_WARN_RANGE_LOOP_ANALYSIS = YES;
				CLANG_WARN_STRICT_PROTOTYPES = YES;
				CLANG_WARN_SUSPICIOUS_MOVE = YES;
				CLANG_WARN_UNGUARDED_AVAILABILITY = YES_AGGRESSIVE;
				CLANG_WARN_UNREACHABLE_CODE = YES;
				CLANG_WARN__DUPLICATE_METHOD_MATCH = YES;
				COPY_PHASE_STRIP = NO;
				DEBUG_INFORMATION_FORMAT = "dwarf-with-dsym";
				ENABLE_NS_ASSERTIONS = NO;
				ENABLE_STRICT_OBJC_MSGSEND = YES;
				ENABLE_USER_SCRIPT_SANDBOXING = YES;
				GCC_C_LANGUAGE_STANDARD = gnu17;
				GCC_NO_COMMON_BLOCKS = YES;
				GCC_WARN_64_TO_32_BIT_CONVERSION = YES;
				GCC_WARN_ABOUT_RETURN_TYPE = YES_ERROR;
				GCC_WARN_UNDECLARED_SELECTOR = YES;
				GCC_WARN_UNINITIALIZED_AUTOS = YES_AGGRESSIVE;
				GCC_WARN_UNUSED_FUNCTION = YES;
				GCC_WARN_UNUSED_VARIABLE = YES;
				IPHONEOS_DEPLOYMENT_TARGET = 17.5;
				LOCALIZATION_PREFERS_STRING_CATALOGS = YES;
				MTL_ENABLE_DEBUG_INFO = NO;
				MTL_FAST_MATH = YES;
				SDKROOT = iphoneos;
				SWIFT_COMPILATION_MODE = wholemodule;
				VALIDATE_PRODUCT = YES;
			};
			name = Release;
		};
		63D0808F2D778AC000625FE7 /* Debug */ = {
			isa = XCBuildConfiguration;
			buildSettings = {
				ASSETCATALOG_COMPILER_APPICON_NAME = AppIcon;
				ASSETCATALOG_COMPILER_GLOBAL_ACCENT_COLOR_NAME = AccentColor;
				CODE_SIGN_STYLE = Automatic;
				CURRENT_PROJECT_VERSION = 1;
				DEVELOPMENT_ASSET_PATHS = "\"NewSensei/Preview Content\"";
				ENABLE_PREVIEWS = YES;
				GENERATE_INFOPLIST_FILE = YES;
				INFOPLIST_KEY_UIApplicationSceneManifest_Generation = YES;
				INFOPLIST_KEY_UIApplicationSupportsIndirectInputEvents = YES;
				INFOPLIST_KEY_UILaunchScreen_Generation = YES;
				INFOPLIST_KEY_UISupportedInterfaceOrientations_iPad = "UIInterfaceOrientationPortrait UIInterfaceOrientationPortraitUpsideDown UIInterfaceOrientationLandscapeLeft UIInterfaceOrientationLandscapeRight";
				INFOPLIST_KEY_UISupportedInterfaceOrientations_iPhone = "UIInterfaceOrientationPortrait UIInterfaceOrientationLandscapeLeft UIInterfaceOrientationLandscapeRight";
				LD_RUNPATH_SEARCH_PATHS = (
					"$(inherited)",
					"@executable_path/Frameworks",
				);
				MARKETING_VERSION = 1.0;
				PRODUCT_BUNDLE_IDENTIFIER = Ministry.NewSensei;
				PRODUCT_NAME = "$(TARGET_NAME)";
				SUPPORTED_PLATFORMS = "iphoneos iphonesimulator";
				SUPPORTS_MACCATALYST = NO;
				SUPPORTS_MAC_DESIGNED_FOR_IPHONE_IPAD = NO;
				SUPPORTS_XR_DESIGNED_FOR_IPHONE_IPAD = NO;
				SWIFT_EMIT_LOC_STRINGS = YES;
				SWIFT_VERSION = 5.0;
				TARGETED_DEVICE_FAMILY = 1;
			};
			name = Debug;
		};
		63D080902D778AC000625FE7 /* Release */ = {
			isa = XCBuildConfiguration;
			buildSettings = {
				ASSETCATALOG_COMPILER_APPICON_NAME = AppIcon;
				ASSETCATALOG_COMPILER_GLOBAL_ACCENT_COLOR_NAME = AccentColor;
				CODE_SIGN_STYLE = Automatic;
				CURRENT_PROJECT_VERSION = 1;
				DEVELOPMENT_ASSET_PATHS = "\"NewSensei/Preview Content\"";
				ENABLE_PREVIEWS = YES;
				GENERATE_INFOPLIST_FILE = YES;
				INFOPLIST_KEY_UIApplicationSceneManifest_Generation = YES;
				INFOPLIST_KEY_UIApplicationSupportsIndirectInputEvents = YES;
				INFOPLIST_KEY_UILaunchScreen_Generation = YES;
				INFOPLIST_KEY_UISupportedInterfaceOrientations_iPad = "UIInterfaceOrientationPortrait UIInterfaceOrientationPortraitUpsideDown UIInterfaceOrientationLandscapeLeft UIInterfaceOrientationLandscapeRight";
				INFOPLIST_KEY_UISupportedInterfaceOrientations_iPhone = "UIInterfaceOrientationPortrait UIInterfaceOrientationLandscapeLeft UIInterfaceOrientationLandscapeRight";
				LD_RUNPATH_SEARCH_PATHS = (
					"$(inherited)",
					"@executable_path/Frameworks",
				);
				MARKETING_VERSION = 1.0;
				PRODUCT_BUNDLE_IDENTIFIER = Ministry.NewSensei;
				PRODUCT_NAME = "$(TARGET_NAME)";
				SUPPORTED_PLATFORMS = "iphoneos iphonesimulator";
				SUPPORTS_MACCATALYST = NO;
				SUPPORTS_MAC_DESIGNED_FOR_IPHONE_IPAD = NO;
				SUPPORTS_XR_DESIGNED_FOR_IPHONE_IPAD = NO;
				SWIFT_EMIT_LOC_STRINGS = YES;
				SWIFT_VERSION = 5.0;
				TARGETED_DEVICE_FAMILY = 1;
			};
			name = Release;
		};
/* End XCBuildConfiguration section */

/* Begin XCConfigurationList section */
		63D0807B2D778ABF00625FE7 /* Build configuration list for PBXProject "NewSensei" */ = {
			isa = XCConfigurationList;
			buildConfigurations = (
				63D0808C2D778AC000625FE7 /* Debug */,
				63D0808D2D778AC000625FE7 /* Release */,
			);
			defaultConfigurationIsVisible = 0;
			defaultConfigurationName = Release;
		};
		63D0808E2D778AC000625FE7 /* Build configuration list for PBXNativeTarget "NewSensei" */ = {
			isa = XCConfigurationList;
			buildConfigurations = (
				63D0808F2D778AC000625FE7 /* Debug */,
				63D080902D778AC000625FE7 /* Release */,
			);
			defaultConfigurationIsVisible = 0;
			defaultConfigurationName = Release;
		};
/* End XCConfigurationList section */

/* Begin XCRemoteSwiftPackageReference section */
		63D080C32D7A1A3C00625FE7 /* XCRemoteSwiftPackageReference "firebase-ios-sdk" */ = {
			isa = XCRemoteSwiftPackageReference;
			repositoryURL = "https://github.com/firebase/firebase-ios-sdk.git";
			requirement = {
				kind = upToNextMajorVersion;
				minimumVersion = 11.9.0;
			};
		};
/* End XCRemoteSwiftPackageReference section */

/* Begin XCSwiftPackageProductDependency section */
		0A3953E72D8B3BDE007B116A /* FirebaseFirestore */ = {
			isa = XCSwiftPackageProductDependency;
			package = 63D080C32D7A1A3C00625FE7 /* XCRemoteSwiftPackageReference "firebase-ios-sdk" */;
			productName = FirebaseFirestore;
		};
		0A3953E92D8B3BDE007B116A /* FirebaseFirestoreCombine-Community */ = {
			isa = XCSwiftPackageProductDependency;
			package = 63D080C32D7A1A3C00625FE7 /* XCRemoteSwiftPackageReference "firebase-ios-sdk" */;
			productName = "FirebaseFirestoreCombine-Community";
		};
		63D080C42D7A1A3C00625FE7 /* FirebaseAnalytics */ = {
			isa = XCSwiftPackageProductDependency;
			package = 63D080C32D7A1A3C00625FE7 /* XCRemoteSwiftPackageReference "firebase-ios-sdk" */;
			productName = FirebaseAnalytics;
		};
		63D080C62D7A1A3C00625FE7 /* FirebaseAuth */ = {
			isa = XCSwiftPackageProductDependency;
			package = 63D080C32D7A1A3C00625FE7 /* XCRemoteSwiftPackageReference "firebase-ios-sdk" */;
			productName = FirebaseAuth;
		};
		63D080C82D7A1A3C00625FE7 /* FirebaseCore */ = {
			isa = XCSwiftPackageProductDependency;
			package = 63D080C32D7A1A3C00625FE7 /* XCRemoteSwiftPackageReference "firebase-ios-sdk" */;
			productName = FirebaseCore;
		};
		63D080CA2D7A1A3C00625FE7 /* FirebaseDatabase */ = {
			isa = XCSwiftPackageProductDependency;
			package = 63D080C32D7A1A3C00625FE7 /* XCRemoteSwiftPackageReference "firebase-ios-sdk" */;
			productName = FirebaseDatabase;
		};
		63D080CC2D7A1A3C00625FE7 /* FirebaseMessaging */ = {
			isa = XCSwiftPackageProductDependency;
			package = 63D080C32D7A1A3C00625FE7 /* XCRemoteSwiftPackageReference "firebase-ios-sdk" */;
			productName = FirebaseMessaging;
		};
		63D080CE2D7A1A3C00625FE7 /* FirebaseStorage */ = {
			isa = XCSwiftPackageProductDependency;
			package = 63D080C32D7A1A3C00625FE7 /* XCRemoteSwiftPackageReference "firebase-ios-sdk" */;
			productName = FirebaseStorage;
		};
/* End XCSwiftPackageProductDependency section */
	};
	rootObject = 63D080782D778ABF00625FE7 /* Project object */;
}
